
Microsoft Visual Studio Solution File, Format Version 12.00
# Visual Studio Version 16
VisualStudioVersion = 16.0.29613.14
MinimumVisualStudioVersion = 10.0.40219.1
Project("{FAE04EC0-301F-11D3-BF4B-00C04F79EFBC}") = "CMIncremental", "CMIncremental\CMIncremental.csproj", "{F78266D0-3255-4AC4-B1B0-96BDA0FBD2FA}"
EndProject
Global
	GlobalSection(SolutionConfigurationPlatforms) = preSolution
		Debug|Any CPU = Debug|Any CPU
		Release|Any CPU = Release|Any CPU
	EndGlobalSection
	GlobalSection(ProjectConfigurationPlatforms) = postSolution
		{F78266D0-3255-4AC4-B1B0-96BDA0FBD2FA}.Debug|Any CPU.ActiveCfg = Debug|Any CPU
		{F78266D0-3255-4AC4-B1B0-96BDA0FBD2FA}.Debug|Any CPU.Build.0 = Debug|Any CPU
		{F78266D0-3255-4AC4-B1B0-96BDA0FBD2FA}.Release|Any CPU.ActiveCfg = Release|Any CPU
		{F78266D0-3255-4AC4-B1B0-96BDA0FBD2FA}.Release|Any CPU.Build.0 = Release|Any CPU
	EndGlobalSection
	GlobalSection(SolutionProperties) = preSolution
		HideSolutionNode = FALSE
	EndGlobalSection
	GlobalSection(ExtensibilityGlobals) = postSolution
		SolutionGuid = {9DD9B448-E01D-4324-85BE-FA730CD55D2F}
	EndGlobalSection
EndGlobal
